Microsoft Visual Studio Solution File, Format Version 12.00
# Visual Studio 15
VisualStudioVersion = 15.0.27130.2026
MinimumVisualStudioVersion = 10.0.40219.1
Project("{FAE04EC0-301F-11D3-BF4B-00C04F79EFBC}") = "Elegy.GuiLauncher", "Elegy.GuiLauncher\Elegy.GuiLauncher.csproj", "{55B4D276-A6CF-4A06-A4E9-69D7517EFE1A}"
EndProject
Project("{FAE04EC0-301F-11D3-BF4B-00C04F79EFBC}") = "Elegy.GuiLauncher.Gtk", "Elegy.GuiLauncher.Gtk\Elegy.GuiLauncher.Gtk.csproj", "{656481BA-CF5D-431E-B779-A25AEB4E8C13}"
EndProject
Project("{FAE04EC0-301F-11D3-BF4B-00C04F79EFBC}") = "Elegy.GuiLauncher.Mac", "Elegy.GuiLauncher.Mac\Elegy.GuiLauncher.Mac.csproj", "{888BB3A1-CDD1-4C59-A236-301ED0DF9517}"
EndProject
Project("{FAE04EC0-301F-11D3-BF4B-00C04F79EFBC}") = "Elegy.GuiLauncher.Wpf", "Elegy.GuiLauncher.Wpf\Elegy.GuiLauncher.Wpf.csproj", "{D791CCD5-FAA7-4054-90E8-8CD59203E057}"
EndProject
Global
	GlobalSection(SolutionConfigurationPlatforms) = preSolution
		Debug|Any CPU = Debug|Any CPU
		Release|Any CPU = Release|Any CPU
	EndGlobalSection
	GlobalSection(ProjectConfigurationPlatforms) = postSolution
		{55B4D276-A6CF-4A06-A4E9-69D7517EFE1A}.Debug|Any CPU.ActiveCfg = Debug|Any CPU
		{55B4D276-A6CF-4A06-A4E9-69D7517EFE1A}.Debug|Any CPU.Build.0 = Debug|Any CPU
		{55B4D276-A6CF-4A06-A4E9-69D7517EFE1A}.Release|Any CPU.ActiveCfg = Release|Any CPU
		{55B4D276-A6CF-4A06-A4E9-69D7517EFE1A}.Release|Any CPU.Build.0 = Release|Any CPU
		{656481BA-CF5D-431E-B779-A25AEB4E8C13}.Debug|Any CPU.ActiveCfg = Debug|Any CPU
		{656481BA-CF5D-431E-B779-A25AEB4E8C13}.Debug|Any CPU.Build.0 = Debug|Any CPU
		{656481BA-CF5D-431E-B779-A25AEB4E8C13}.Release|Any CPU.ActiveCfg = Release|Any CPU
		{656481BA-CF5D-431E-B779-A25AEB4E8C13}.Release|Any CPU.Build.0 = Release|Any CPU
		{888BB3A1-CDD1-4C59-A236-301ED0DF9517}.Debug|Any CPU.ActiveCfg = Debug|Any CPU
		{888BB3A1-CDD1-4C59-A236-301ED0DF9517}.Debug|Any CPU.Build.0 = Debug|Any CPU
		{888BB3A1-CDD1-4C59-A236-301ED0DF9517}.Release|Any CPU.ActiveCfg = Release|Any CPU
		{888BB3A1-CDD1-4C59-A236-301ED0DF9517}.Release|Any CPU.Build.0 = Release|Any CPU
		{D791CCD5-FAA7-4054-90E8-8CD59203E057}.Debug|Any CPU.ActiveCfg = Debug|Any CPU
		{D791CCD5-FAA7-4054-90E8-8CD59203E057}.Debug|Any CPU.Build.0 = Debug|Any CPU
		{D791CCD5-FAA7-4054-90E8-8CD59203E057}.Release|Any CPU.ActiveCfg = Release|Any CPU
		{D791CCD5-FAA7-4054-90E8-8CD59203E057}.Release|Any CPU.Build.0 = Release|Any CPU
	EndGlobalSection
EndGlobal
