
Microsoft Visual Studio Solution File, Format Version 12.00
# Visual Studio Version 17
VisualStudioVersion = 17.4.33213.308
MinimumVisualStudioVersion = 10.0.40219.1
Project("{9A19103F-16F7-4668-BE54-9A1E7A4F7556}") = "Elegy.Engine", "Elegy.Engine\Elegy.Engine.csproj", "{21B4217B-C923-47D4-8974-94592E74FC51}"
EndProject
Project("{9A19103F-16F7-4668-BE54-9A1E7A4F7556}") = "Elegy.Common", "Elegy.Common\Elegy.Common.csproj", "{3E9CF437-CEE4-4172-9A57-93010EC6D8B3}"
EndProject
Project("{9A19103F-16F7-4668-BE54-9A1E7A4F7556}") = "Elegy.Common.Tests", "Elegy.Common.Tests\Elegy.Common.Tests.csproj", "{FABB361E-F868-4A5E-B614-CA3D6E696F5C}"
EndProject
Project("{9A19103F-16F7-4668-BE54-9A1E7A4F7556}") = "Elegy.DevConsole", "Elegy.DevConsole\Elegy.DevConsole.csproj", "{D6B987E4-2AEB-4B77-8779-E57417D237EF}"
EndProject
Project("{9A19103F-16F7-4668-BE54-9A1E7A4F7556}") = "Elegy.MapCompiler", "Elegy.MapCompiler\Elegy.MapCompiler.csproj", "{14BFF80B-74C8-4AC9-BE59-6DAE68FA517B}"
EndProject
Project("{9A19103F-16F7-4668-BE54-9A1E7A4F7556}") = "Elegy.MaterialGenerator", "Elegy.MaterialGenerator\Elegy.MaterialGenerator.csproj", "{137CA965-44F0-44A4-BBEE-D988E6EF6E5C}"
EndProject
Project("{9A19103F-16F7-4668-BE54-9A1E7A4F7556}") = "Elegy.TestGame", "Elegy.TestGame\Elegy.TestGame.csproj", "{AB3F2BC5-BA9B-492A-931C-E4B7FEAE834E}"
EndProject
Project("{2150E333-8FDC-42A3-9474-1A3956D46DE8}") = "Tools", "Tools", "{5EF00ABB-3E75-406C-ABC0-1799A8D2AA5D}"
EndProject
Project("{2150E333-8FDC-42A3-9474-1A3956D46DE8}") = "Tests", "Tests", "{67E68E0F-70F6-4A7B-84A1-0172F9222F44}"
EndProject
Project("{2150E333-8FDC-42A3-9474-1A3956D46DE8}") = "Core", "Core", "{CC1F6BCD-8998-4934-A18E-848DDD5D9B1E}"
EndProject
Project("{9A19103F-16F7-4668-BE54-9A1E7A4F7556}") = "Elegy.Launcher2", "Elegy.Launcher2\Elegy.Launcher2.csproj", "{0606D505-5287-407E-9632-A20CD4696FA9}"
EndProject
Project("{2150E333-8FDC-42A3-9474-1A3956D46DE8}") = "Launchers", "Launchers", "{463BCD9F-2E91-4B5A-9A36-371387805200}"
EndProject
Project("{2150E333-8FDC-42A3-9474-1A3956D46DE8}") = "Gui", "Gui", "{C6E7B8B5-9BF0-4970-BE26-0BF1A1E68D54}"
EndProject
Project("{9A19103F-16F7-4668-BE54-9A1E7A4F7556}") = "Elegy.GuiLauncher.Gtk", "Elegy.GuiLauncher\Elegy.GuiLauncher.Gtk\Elegy.GuiLauncher.Gtk.csproj", "{D5461337-3F9B-470C-BCDA-C8BDDC81C015}"
EndProject
Project("{9A19103F-16F7-4668-BE54-9A1E7A4F7556}") = "Elegy.GuiLauncher.Wpf", "Elegy.GuiLauncher\Elegy.GuiLauncher.Wpf\Elegy.GuiLauncher.Wpf.csproj", "{9B0213B9-282E-4C5F-8F5A-57942D4C2DCE}"
EndProject
Project("{9A19103F-16F7-4668-BE54-9A1E7A4F7556}") = "Elegy.GuiLauncher.Common", "Elegy.GuiLauncher\Elegy.GuiLauncher.Common\Elegy.GuiLauncher.Common.csproj", "{47B9B91B-52E8-4DF6-8F3D-11E641F3FC3F}"
EndProject
Project("{9A19103F-16F7-4668-BE54-9A1E7A4F7556}") = "Elegy.RenderBackend", "Elegy.RenderBackend\Elegy.RenderBackend.csproj", "{3A5A4F8E-3A14-4336-9D2C-B381C71CA4E1}"
EndProject
Project("{2150E333-8FDC-42A3-9474-1A3956D46DE8}") = "External", "External", "{D8485DC9-1A70-4CCB-86D9-D10AED7442C2}"
EndProject
Project("{9A19103F-16F7-4668-BE54-9A1E7A4F7556}") = "Veldrid", "..\extern\Elegy.Veldrid\src\Veldrid\Veldrid.csproj", "{CA455DE0-1BF1-4BB6-903A-7858144FCA29}"
EndProject
Project("{2150E333-8FDC-42A3-9474-1A3956D46DE8}") = "Plugins", "Plugins", "{7C21CE19-4F93-4D4E-8196-41F618C79652}"
EndProject
Project("{9A19103F-16F7-4668-BE54-9A1E7A4F7556}") = "Elegy.RenderStandard", "Elegy.RenderStandard\Elegy.RenderStandard.csproj", "{662C165E-142B-4492-9EB0-BA854CD0E463}"
EndProject
Project("{9A19103F-16F7-4668-BE54-9A1E7A4F7556}") = "Silk.Eto", "..\extern\Silk.Eto\src\Silk.Eto\Silk.Eto.csproj", "{EE1C14AE-7306-46C9-A243-EAA632B6CA81}"
EndProject
Project("{9A19103F-16F7-4668-BE54-9A1E7A4F7556}") = "Silk.Eto.Gtk", "..\extern\Silk.Eto\src\Silk.Eto.Gtk\Silk.Eto.Gtk.csproj", "{4A25F2D8-A899-4953-886F-719F3F9D357E}"
EndProject
Project("{9A19103F-16F7-4668-BE54-9A1E7A4F7556}") = "Silk.Eto.Wpf", "..\extern\Silk.Eto\src\Silk.Eto.Wpf\Silk.Eto.Wpf.csproj", "{AA3160FA-96A4-43DD-B6DC-25FC4C72D4A4}"
EndProject
Project("{9A19103F-16F7-4668-BE54-9A1E7A4F7556}") = "Elegy.ShaderTool", "Elegy.ShaderTool\Elegy.ShaderTool.csproj", "{59E28FE1-0040-4382-8504-2DA246DEEEAE}"
EndProject
Project("{2150E333-8FDC-42A3-9474-1A3956D46DE8}") = "Scratchpad", "Scratchpad", "{BF4AEDA7-8FD7-47E3-B549-7A04A0D05006}"
EndProject
Project("{9A19103F-16F7-4668-BE54-9A1E7A4F7556}") = "EcsResearch", "scratchpad\EcsResearch\EcsResearch.csproj", "{6AB9ECA7-6BFA-4943-95B2-FD0F5DA27CEE}"
EndProject
Project("{9A19103F-16F7-4668-BE54-9A1E7A4F7556}") = "fennecs", "..\extern\fennecs\fennecs\fennecs.csproj", "{835F1177-E8B5-4153-8181-BC3639400CDE}"
EndProject
Project("{9A19103F-16F7-4668-BE54-9A1E7A4F7556}") = "EcsResearch.Generator", "scratchpad\EcsResearch.Generator\EcsResearch.Generator.csproj", "{9EBA59DB-CCB3-4AB0-94B5-84E30C994750}"
EndProject
Global
	GlobalSection(SolutionConfigurationPlatforms) = preSolution
		Debug|Any CPU = Debug|Any CPU
		Release|Any CPU = Release|Any CPU
	EndGlobalSection
	GlobalSection(ProjectConfigurationPlatforms) = postSolution
		{21B4217B-C923-47D4-8974-94592E74FC51}.Debug|Any CPU.ActiveCfg = Debug|Any CPU
		{21B4217B-C923-47D4-8974-94592E74FC51}.Debug|Any CPU.Build.0 = Debug|Any CPU
		{21B4217B-C923-47D4-8974-94592E74FC51}.Release|Any CPU.ActiveCfg = Release|Any CPU
		{21B4217B-C923-47D4-8974-94592E74FC51}.Release|Any CPU.Build.0 = Release|Any CPU
		{3E9CF437-CEE4-4172-9A57-93010EC6D8B3}.Debug|Any CPU.ActiveCfg = Debug|Any CPU
		{3E9CF437-CEE4-4172-9A57-93010EC6D8B3}.Debug|Any CPU.Build.0 = Debug|Any CPU
		{3E9CF437-CEE4-4172-9A57-93010EC6D8B3}.Release|Any CPU.ActiveCfg = Release|Any CPU
		{3E9CF437-CEE4-4172-9A57-93010EC6D8B3}.Release|Any CPU.Build.0 = Release|Any CPU
		{FABB361E-F868-4A5E-B614-CA3D6E696F5C}.Debug|Any CPU.ActiveCfg = Debug|Any CPU
		{FABB361E-F868-4A5E-B614-CA3D6E696F5C}.Debug|Any CPU.Build.0 = Debug|Any CPU
		{FABB361E-F868-4A5E-B614-CA3D6E696F5C}.Release|Any CPU.ActiveCfg = Release|Any CPU
		{FABB361E-F868-4A5E-B614-CA3D6E696F5C}.Release|Any CPU.Build.0 = Release|Any CPU
		{D6B987E4-2AEB-4B77-8779-E57417D237EF}.Debug|Any CPU.ActiveCfg = Debug|Any CPU
		{D6B987E4-2AEB-4B77-8779-E57417D237EF}.Debug|Any CPU.Build.0 = Debug|Any CPU
		{D6B987E4-2AEB-4B77-8779-E57417D237EF}.Release|Any CPU.ActiveCfg = Release|Any CPU
		{D6B987E4-2AEB-4B77-8779-E57417D237EF}.Release|Any CPU.Build.0 = Release|Any CPU
		{14BFF80B-74C8-4AC9-BE59-6DAE68FA517B}.Debug|Any CPU.ActiveCfg = Debug|Any CPU
		{14BFF80B-74C8-4AC9-BE59-6DAE68FA517B}.Debug|Any CPU.Build.0 = Debug|Any CPU
		{14BFF80B-74C8-4AC9-BE59-6DAE68FA517B}.Release|Any CPU.ActiveCfg = Release|Any CPU
		{14BFF80B-74C8-4AC9-BE59-6DAE68FA517B}.Release|Any CPU.Build.0 = Release|Any CPU
		{137CA965-44F0-44A4-BBEE-D988E6EF6E5C}.Debug|Any CPU.ActiveCfg = Debug|Any CPU
		{137CA965-44F0-44A4-BBEE-D988E6EF6E5C}.Debug|Any CPU.Build.0 = Debug|Any CPU
		{137CA965-44F0-44A4-BBEE-D988E6EF6E5C}.Release|Any CPU.ActiveCfg = Release|Any CPU
		{137CA965-44F0-44A4-BBEE-D988E6EF6E5C}.Release|Any CPU.Build.0 = Release|Any CPU
		{AB3F2BC5-BA9B-492A-931C-E4B7FEAE834E}.Debug|Any CPU.ActiveCfg = Debug|Any CPU
		{AB3F2BC5-BA9B-492A-931C-E4B7FEAE834E}.Debug|Any CPU.Build.0 = Debug|Any CPU
		{AB3F2BC5-BA9B-492A-931C-E4B7FEAE834E}.Release|Any CPU.ActiveCfg = Release|Any CPU
		{AB3F2BC5-BA9B-492A-931C-E4B7FEAE834E}.Release|Any CPU.Build.0 = Release|Any CPU
		{0606D505-5287-407E-9632-A20CD4696FA9}.Debug|Any CPU.ActiveCfg = Debug|Any CPU
		{0606D505-5287-407E-9632-A20CD4696FA9}.Debug|Any CPU.Build.0 = Debug|Any CPU
		{0606D505-5287-407E-9632-A20CD4696FA9}.Release|Any CPU.ActiveCfg = Release|Any CPU
		{0606D505-5287-407E-9632-A20CD4696FA9}.Release|Any CPU.Build.0 = Release|Any CPU
		{D5461337-3F9B-470C-BCDA-C8BDDC81C015}.Debug|Any CPU.ActiveCfg = Debug|Any CPU
		{D5461337-3F9B-470C-BCDA-C8BDDC81C015}.Debug|Any CPU.Build.0 = Debug|Any CPU
		{D5461337-3F9B-470C-BCDA-C8BDDC81C015}.Release|Any CPU.ActiveCfg = Release|Any CPU
		{D5461337-3F9B-470C-BCDA-C8BDDC81C015}.Release|Any CPU.Build.0 = Release|Any CPU
		{9B0213B9-282E-4C5F-8F5A-57942D4C2DCE}.Debug|Any CPU.ActiveCfg = Debug|Any CPU
		{9B0213B9-282E-4C5F-8F5A-57942D4C2DCE}.Debug|Any CPU.Build.0 = Debug|Any CPU
		{9B0213B9-282E-4C5F-8F5A-57942D4C2DCE}.Release|Any CPU.ActiveCfg = Release|Any CPU
		{9B0213B9-282E-4C5F-8F5A-57942D4C2DCE}.Release|Any CPU.Build.0 = Release|Any CPU
		{47B9B91B-52E8-4DF6-8F3D-11E641F3FC3F}.Debug|Any CPU.ActiveCfg = Debug|Any CPU
		{47B9B91B-52E8-4DF6-8F3D-11E641F3FC3F}.Debug|Any CPU.Build.0 = Debug|Any CPU
		{47B9B91B-52E8-4DF6-8F3D-11E641F3FC3F}.Release|Any CPU.ActiveCfg = Release|Any CPU
		{47B9B91B-52E8-4DF6-8F3D-11E641F3FC3F}.Release|Any CPU.Build.0 = Release|Any CPU
		{3A5A4F8E-3A14-4336-9D2C-B381C71CA4E1}.Debug|Any CPU.ActiveCfg = Debug|Any CPU
		{3A5A4F8E-3A14-4336-9D2C-B381C71CA4E1}.Debug|Any CPU.Build.0 = Debug|Any CPU
		{3A5A4F8E-3A14-4336-9D2C-B381C71CA4E1}.Release|Any CPU.ActiveCfg = Release|Any CPU
		{3A5A4F8E-3A14-4336-9D2C-B381C71CA4E1}.Release|Any CPU.Build.0 = Release|Any CPU
		{CA455DE0-1BF1-4BB6-903A-7858144FCA29}.Debug|Any CPU.ActiveCfg = Debug|Any CPU
		{CA455DE0-1BF1-4BB6-903A-7858144FCA29}.Debug|Any CPU.Build.0 = Debug|Any CPU
		{CA455DE0-1BF1-4BB6-903A-7858144FCA29}.Release|Any CPU.ActiveCfg = Release|Any CPU
		{CA455DE0-1BF1-4BB6-903A-7858144FCA29}.Release|Any CPU.Build.0 = Release|Any CPU
		{662C165E-142B-4492-9EB0-BA854CD0E463}.Debug|Any CPU.ActiveCfg = Debug|Any CPU
		{662C165E-142B-4492-9EB0-BA854CD0E463}.Debug|Any CPU.Build.0 = Debug|Any CPU
		{662C165E-142B-4492-9EB0-BA854CD0E463}.Release|Any CPU.ActiveCfg = Release|Any CPU
		{662C165E-142B-4492-9EB0-BA854CD0E463}.Release|Any CPU.Build.0 = Release|Any CPU
		{EE1C14AE-7306-46C9-A243-EAA632B6CA81}.Debug|Any CPU.ActiveCfg = Debug|Any CPU
		{EE1C14AE-7306-46C9-A243-EAA632B6CA81}.Debug|Any CPU.Build.0 = Debug|Any CPU
		{EE1C14AE-7306-46C9-A243-EAA632B6CA81}.Release|Any CPU.ActiveCfg = Release|Any CPU
		{EE1C14AE-7306-46C9-A243-EAA632B6CA81}.Release|Any CPU.Build.0 = Release|Any CPU
		{4A25F2D8-A899-4953-886F-719F3F9D357E}.Debug|Any CPU.ActiveCfg = Debug|Any CPU
		{4A25F2D8-A899-4953-886F-719F3F9D357E}.Debug|Any CPU.Build.0 = Debug|Any CPU
		{4A25F2D8-A899-4953-886F-719F3F9D357E}.Release|Any CPU.ActiveCfg = Release|Any CPU
		{4A25F2D8-A899-4953-886F-719F3F9D357E}.Release|Any CPU.Build.0 = Release|Any CPU
		{AA3160FA-96A4-43DD-B6DC-25FC4C72D4A4}.Debug|Any CPU.ActiveCfg = Debug|Any CPU
		{AA3160FA-96A4-43DD-B6DC-25FC4C72D4A4}.Debug|Any CPU.Build.0 = Debug|Any CPU
		{AA3160FA-96A4-43DD-B6DC-25FC4C72D4A4}.Release|Any CPU.ActiveCfg = Release|Any CPU
		{AA3160FA-96A4-43DD-B6DC-25FC4C72D4A4}.Release|Any CPU.Build.0 = Release|Any CPU
		{59E28FE1-0040-4382-8504-2DA246DEEEAE}.Debug|Any CPU.ActiveCfg = Debug|Any CPU
		{59E28FE1-0040-4382-8504-2DA246DEEEAE}.Debug|Any CPU.Build.0 = Debug|Any CPU
		{59E28FE1-0040-4382-8504-2DA246DEEEAE}.Release|Any CPU.ActiveCfg = Release|Any CPU
		{59E28FE1-0040-4382-8504-2DA246DEEEAE}.Release|Any CPU.Build.0 = Release|Any CPU
		{6AB9ECA7-6BFA-4943-95B2-FD0F5DA27CEE}.Debug|Any CPU.ActiveCfg = Debug|Any CPU
		{6AB9ECA7-6BFA-4943-95B2-FD0F5DA27CEE}.Debug|Any CPU.Build.0 = Debug|Any CPU
		{6AB9ECA7-6BFA-4943-95B2-FD0F5DA27CEE}.Release|Any CPU.ActiveCfg = Release|Any CPU
		{6AB9ECA7-6BFA-4943-95B2-FD0F5DA27CEE}.Release|Any CPU.Build.0 = Release|Any CPU
		{835F1177-E8B5-4153-8181-BC3639400CDE}.Debug|Any CPU.ActiveCfg = Debug|Any CPU
		{835F1177-E8B5-4153-8181-BC3639400CDE}.Debug|Any CPU.Build.0 = Debug|Any CPU
		{835F1177-E8B5-4153-8181-BC3639400CDE}.Release|Any CPU.ActiveCfg = Release|Any CPU
		{835F1177-E8B5-4153-8181-BC3639400CDE}.Release|Any CPU.Build.0 = Release|Any CPU
		{9EBA59DB-CCB3-4AB0-94B5-84E30C994750}.Debug|Any CPU.ActiveCfg = Debug|Any CPU
		{9EBA59DB-CCB3-4AB0-94B5-84E30C994750}.Debug|Any CPU.Build.0 = Debug|Any CPU
		{9EBA59DB-CCB3-4AB0-94B5-84E30C994750}.Release|Any CPU.ActiveCfg = Release|Any CPU
		{9EBA59DB-CCB3-4AB0-94B5-84E30C994750}.Release|Any CPU.Build.0 = Release|Any CPU
	EndGlobalSection
	GlobalSection(SolutionProperties) = preSolution
		HideSolutionNode = FALSE
	EndGlobalSection
	GlobalSection(NestedProjects) = preSolution
		{21B4217B-C923-47D4-8974-94592E74FC51} = {CC1F6BCD-8998-4934-A18E-848DDD5D9B1E}
		{3E9CF437-CEE4-4172-9A57-93010EC6D8B3} = {CC1F6BCD-8998-4934-A18E-848DDD5D9B1E}
		{FABB361E-F868-4A5E-B614-CA3D6E696F5C} = {67E68E0F-70F6-4A7B-84A1-0172F9222F44}
		{D6B987E4-2AEB-4B77-8779-E57417D237EF} = {7C21CE19-4F93-4D4E-8196-41F618C79652}
		{14BFF80B-74C8-4AC9-BE59-6DAE68FA517B} = {5EF00ABB-3E75-406C-ABC0-1799A8D2AA5D}
		{137CA965-44F0-44A4-BBEE-D988E6EF6E5C} = {5EF00ABB-3E75-406C-ABC0-1799A8D2AA5D}
		{AB3F2BC5-BA9B-492A-931C-E4B7FEAE834E} = {7C21CE19-4F93-4D4E-8196-41F618C79652}
		{0606D505-5287-407E-9632-A20CD4696FA9} = {463BCD9F-2E91-4B5A-9A36-371387805200}
		{C6E7B8B5-9BF0-4970-BE26-0BF1A1E68D54} = {463BCD9F-2E91-4B5A-9A36-371387805200}
		{D5461337-3F9B-470C-BCDA-C8BDDC81C015} = {C6E7B8B5-9BF0-4970-BE26-0BF1A1E68D54}
		{9B0213B9-282E-4C5F-8F5A-57942D4C2DCE} = {C6E7B8B5-9BF0-4970-BE26-0BF1A1E68D54}
		{47B9B91B-52E8-4DF6-8F3D-11E641F3FC3F} = {C6E7B8B5-9BF0-4970-BE26-0BF1A1E68D54}
		{3A5A4F8E-3A14-4336-9D2C-B381C71CA4E1} = {CC1F6BCD-8998-4934-A18E-848DDD5D9B1E}
		{CA455DE0-1BF1-4BB6-903A-7858144FCA29} = {D8485DC9-1A70-4CCB-86D9-D10AED7442C2}
		{662C165E-142B-4492-9EB0-BA854CD0E463} = {7C21CE19-4F93-4D4E-8196-41F618C79652}
		{EE1C14AE-7306-46C9-A243-EAA632B6CA81} = {D8485DC9-1A70-4CCB-86D9-D10AED7442C2}
		{4A25F2D8-A899-4953-886F-719F3F9D357E} = {D8485DC9-1A70-4CCB-86D9-D10AED7442C2}
		{AA3160FA-96A4-43DD-B6DC-25FC4C72D4A4} = {D8485DC9-1A70-4CCB-86D9-D10AED7442C2}
		{59E28FE1-0040-4382-8504-2DA246DEEEAE} = {5EF00ABB-3E75-406C-ABC0-1799A8D2AA5D}
		{6AB9ECA7-6BFA-4943-95B2-FD0F5DA27CEE} = {BF4AEDA7-8FD7-47E3-B549-7A04A0D05006}
		{835F1177-E8B5-4153-8181-BC3639400CDE} = {D8485DC9-1A70-4CCB-86D9-D10AED7442C2}
		{9EBA59DB-CCB3-4AB0-94B5-84E30C994750} = {BF4AEDA7-8FD7-47E3-B549-7A04A0D05006}
	EndGlobalSection
	GlobalSection(ExtensibilityGlobals) = postSolution
		SolutionGuid = {78AE737A-E080-41E8-84B7-5EFB2C7E7E5B}
	EndGlobalSection
EndGlobal
