
Microsoft Visual Studio Solution File, Format Version 12.00
# Visual Studio Version 17
VisualStudioVersion = 17.9.34723.18
MinimumVisualStudioVersion = 10.0.40219.1
Project("{2150E333-8FDC-42A3-9474-1A3956D46DE8}") = "Core", "Core", "{F41FE246-7C7B-450A-8210-75069071CCAD}"
EndProject
Project("{2150E333-8FDC-42A3-9474-1A3956D46DE8}") = "Generators", "Generators", "{5961BB45-8060-4916-A0AB-D2922BB693D7}"
EndProject
Project("{2150E333-8FDC-42A3-9474-1A3956D46DE8}") = "Launchers", "Launchers", "{043D697E-C5C9-4452-9A88-2BCFEB4A5EBD}"
EndProject
Project("{2150E333-8FDC-42A3-9474-1A3956D46DE8}") = "Modules", "Modules", "{B8F09147-B990-45A7-96FF-725D665001AE}"
EndProject
Project("{2150E333-8FDC-42A3-9474-1A3956D46DE8}") = "Plugins", "Plugins", "{85D68F62-C7D1-4571-A7C8-BED7F152C7A1}"
EndProject
Project("{2150E333-8FDC-42A3-9474-1A3956D46DE8}") = "Tests", "Tests", "{C1767200-D5C3-4650-9346-4E0E2CE2EA74}"
EndProject
Project("{2150E333-8FDC-42A3-9474-1A3956D46DE8}") = "Tools", "Tools", "{48F3CFB9-0F03-4627-80DA-1E60BA0158E5}"
EndProject
Project("{9A19103F-16F7-4668-BE54-9A1E7A4F7556}") = "Elegy.Common", "Core\Elegy.Common\Elegy.Common.csproj", "{10642E30-50E1-4835-8692-6558A1935439}"
EndProject
Project("{9A19103F-16F7-4668-BE54-9A1E7A4F7556}") = "Elegy.Framework", "Core\Elegy.Framework\Elegy.Framework.csproj", "{3143C75B-8F3B-419A-86DC-90AEEC6BFEF3}"
EndProject
Project("{9A19103F-16F7-4668-BE54-9A1E7A4F7556}") = "Elegy.RenderBackend", "Core\Elegy.RenderBackend\Elegy.RenderBackend.csproj", "{6F70F9F1-EB57-4311-9383-6FBDEE33132E}"
EndProject
Project("{9A19103F-16F7-4668-BE54-9A1E7A4F7556}") = "Elegy.Framework.Generator", "Generators\Elegy.Framework.Generator\Elegy.Framework.Generator.csproj", "{E2C5716E-2EBD-40D1-83A8-8172DA5CF317}"
EndProject
Project("{2150E333-8FDC-42A3-9474-1A3956D46DE8}") = "Gui", "Gui", "{EB11AB90-B8D0-4AB5-A905-7021B374BBDB}"
EndProject
Project("{9A19103F-16F7-4668-BE54-9A1E7A4F7556}") = "Elegy.Launcher2", "Launchers\Elegy.Launcher2\Elegy.Launcher2.csproj", "{71D3A6B2-1EA2-4B40-A803-C2622D95B989}"
EndProject
Project("{9A19103F-16F7-4668-BE54-9A1E7A4F7556}") = "Elegy.AssetSystem", "Modules\Elegy.AssetSystem\Elegy.AssetSystem.csproj", "{679DF686-55B4-49A5-AF8E-5EEA575F4143}"
EndProject
Project("{9A19103F-16F7-4668-BE54-9A1E7A4F7556}") = "Elegy.ConsoleSystem", "Modules\Elegy.ConsoleSystem\Elegy.ConsoleSystem.csproj", "{F033AF50-692C-4AA9-B3FC-4F4D539CB414}"
EndProject
Project("{9A19103F-16F7-4668-BE54-9A1E7A4F7556}") = "Elegy.FileSystem", "Modules\Elegy.FileSystem\Elegy.FileSystem.csproj", "{696D4F76-EF71-4503-9281-33BF528816A4}"
EndProject
Project("{9A19103F-16F7-4668-BE54-9A1E7A4F7556}") = "Elegy.InputSystem", "Modules\Elegy.InputSystem\Elegy.InputSystem.csproj", "{3C57DD33-DAB6-4485-9CCE-B5AE456235AE}"
EndProject
Project("{9A19103F-16F7-4668-BE54-9A1E7A4F7556}") = "Elegy.PlatformSystem", "Modules\Elegy.PlatformSystem\Elegy.PlatformSystem.csproj", "{EB03EE6B-8DB8-4E25-95FB-DF52E5EFC481}"
EndProject
Project("{9A19103F-16F7-4668-BE54-9A1E7A4F7556}") = "Elegy.PluginSystem", "Modules\Elegy.PluginSystem\Elegy.PluginSystem.csproj", "{133218D7-9D48-4A70-AD1B-0BDED83DD61F}"
EndProject
Project("{9A19103F-16F7-4668-BE54-9A1E7A4F7556}") = "Elegy.RenderSystem", "Modules\Elegy.RenderSystem\Elegy.RenderSystem.csproj", "{13695B54-00BC-4339-9D39-44DFDD33B833}"
EndProject
Project("{9A19103F-16F7-4668-BE54-9A1E7A4F7556}") = "Elegy.DevConsole", "Plugins\Elegy.DevConsole\Elegy.DevConsole.csproj", "{5506E6CE-353C-47EB-A80D-749695F75025}"
EndProject
Project("{9A19103F-16F7-4668-BE54-9A1E7A4F7556}") = "Elegy.Game", "Plugins\Elegy.Game\Elegy.Game.csproj", "{E8FDD62F-088F-41B6-80F6-94DFA765A909}"
EndProject
Project("{9A19103F-16F7-4668-BE54-9A1E7A4F7556}") = "Elegy.Common.Tests", "Tests\Elegy.Common.Tests\Elegy.Common.Tests.csproj", "{667C7806-5AE7-49DC-A35A-D39D793E72E7}"
EndProject
Project("{9A19103F-16F7-4668-BE54-9A1E7A4F7556}") = "Elegy.MapCompiler", "Tools\Elegy.MapCompiler\Elegy.MapCompiler.csproj", "{195D6A84-370D-46E5-BB7D-A441FABC238F}"
EndProject
Project("{9A19103F-16F7-4668-BE54-9A1E7A4F7556}") = "Elegy.MaterialGenerator", "Tools\Elegy.MaterialGenerator\Elegy.MaterialGenerator.csproj", "{AE49FB65-15C5-4E76-87B4-7D7AAF170E35}"
EndProject
Project("{9A19103F-16F7-4668-BE54-9A1E7A4F7556}") = "Elegy.ShaderTool", "Tools\Elegy.ShaderTool\Elegy.ShaderTool.csproj", "{C02EB516-BBAE-4718-BAAD-EF2157FB8243}"
EndProject
Project("{2150E333-8FDC-42A3-9474-1A3956D46DE8}") = "External", "External", "{4FA05B12-12A1-41E8-B9D5-67933A012252}"
EndProject
Project("{9A19103F-16F7-4668-BE54-9A1E7A4F7556}") = "Veldrid", "..\extern\Elegy.Veldrid\src\Veldrid\Veldrid.csproj", "{727FFC24-8725-4532-9E2C-C4ADC0458E46}"
EndProject
Project("{9A19103F-16F7-4668-BE54-9A1E7A4F7556}") = "fennecs", "..\extern\fennecs\fennecs\fennecs.csproj", "{C556018C-65CB-4906-AD26-41F0B690170C}"
EndProject
Project("{9A19103F-16F7-4668-BE54-9A1E7A4F7556}") = "Elegy.DevConsoleApp", "Tools\Elegy.DevConsoleApp\Elegy.DevConsoleApp.csproj", "{20B32B55-72CC-4F9E-841B-3DDFDB917A18}"
EndProject
Project("{9A19103F-16F7-4668-BE54-9A1E7A4F7556}") = "Elegy.ECS.Generator", "Generators\Elegy.ECS.Generator\Elegy.ECS.Generator.csproj", "{1BDA4FBB-7006-434F-80C2-F0A45E011F4A}"
EndProject
Project("{9A19103F-16F7-4668-BE54-9A1E7A4F7556}") = "Elegy.ECS", "Core\Elegy.ECS\Elegy.ECS.csproj", "{7334C3E7-D1FC-4885-8954-DBC9E1BDE017}"
EndProject
Project("{9A19103F-16F7-4668-BE54-9A1E7A4F7556}") = "Elegy.Game.Tests", "Tests\Elegy.Game.Tests\Elegy.Game.Tests.csproj", "{C0B1B5CD-83CA-44DF-BDA1-A7A9E6C84946}"
EndProject
Project("{FAE04EC0-301F-11D3-BF4B-00C04F79EFBC}") = "Elegy.Common.Benchmarks", "Tests\Elegy.Common.Benchmarks\Elegy.Common.Benchmarks.csproj", "{51BD5EEE-A5E8-40C4-8753-4CECA0CD7D5A}"
EndProject
Project("{FAE04EC0-301F-11D3-BF4B-00C04F79EFBC}") = "Elegy.GuiLauncher2", "Launchers\Elegy.GuiLauncher2\Elegy.GuiLauncher2.csproj", "{A7E4A274-BE28-4AA3-B0FB-0A49395EE9ED}"
EndProject
Project("{2150E333-8FDC-42A3-9474-1A3956D46DE8}") = "Addons", "Addons", "{39B856DF-394F-4900-A890-78BFD8C0B66E}"
EndProject
Project("{FAE04EC0-301F-11D3-BF4B-00C04F79EFBC}") = "Elegy.Avalonia", "Addons\Elegy.Avalonia\Elegy.Avalonia.csproj", "{0C76CF1F-15FB-473B-9C70-CAE9ECB4DB31}"
EndProject
Project("{2150E333-8FDC-42A3-9474-1A3956D46DE8}") = "Experiments", "Experiments", "{C0BA5F51-56D0-448A-B627-AD6680A6B046}"
EndProject
Project("{FAE04EC0-301F-11D3-BF4B-00C04F79EFBC}") = "BufferMapping", "Experiments\BufferMapping\BufferMapping.csproj", "{2A9D0BD9-2E7B-4C80-8541-3657F0AF95D3}"
EndProject
Project("{FAE04EC0-301F-11D3-BF4B-00C04F79EFBC}") = "OvrResearch", "Experiments\OvrResearch\OvrResearch.csproj", "{3B82487E-97C4-4657-B1E5-E447E6966EC0}"
EndProject
Project("{FAE04EC0-301F-11D3-BF4B-00C04F79EFBC}") = "RandomTests", "Experiments\RandomTests\RandomTests.csproj", "{128323C2-5866-44C7-B3C4-80BE2DDDE1BB}"
EndProject
Project("{FAE04EC0-301F-11D3-BF4B-00C04F79EFBC}") = "VisResearch", "Experiments\VisResearch\VisResearch.csproj", "{A033C8B1-858B-4E1D-9ABF-C5147454A5DF}"
EndProject
Project("{FAE04EC0-301F-11D3-BF4B-00C04F79EFBC}") = "XrResearch", "Experiments\XrResearch\XrResearch.csproj", "{CC91F05C-959E-4724-ACF7-676CCA23524B}"
EndProject
Global
	GlobalSection(SolutionConfigurationPlatforms) = preSolution
		Debug|Any CPU = Debug|Any CPU
		Release|Any CPU = Release|Any CPU
	EndGlobalSection
	GlobalSection(ProjectConfigurationPlatforms) = postSolution
		{10642E30-50E1-4835-8692-6558A1935439}.Debug|Any CPU.ActiveCfg = Debug|Any CPU
		{10642E30-50E1-4835-8692-6558A1935439}.Debug|Any CPU.Build.0 = Debug|Any CPU
		{10642E30-50E1-4835-8692-6558A1935439}.Release|Any CPU.ActiveCfg = Release|Any CPU
		{10642E30-50E1-4835-8692-6558A1935439}.Release|Any CPU.Build.0 = Release|Any CPU
		{3143C75B-8F3B-419A-86DC-90AEEC6BFEF3}.Debug|Any CPU.ActiveCfg = Debug|Any CPU
		{3143C75B-8F3B-419A-86DC-90AEEC6BFEF3}.Debug|Any CPU.Build.0 = Debug|Any CPU
		{3143C75B-8F3B-419A-86DC-90AEEC6BFEF3}.Release|Any CPU.ActiveCfg = Release|Any CPU
		{3143C75B-8F3B-419A-86DC-90AEEC6BFEF3}.Release|Any CPU.Build.0 = Release|Any CPU
		{6F70F9F1-EB57-4311-9383-6FBDEE33132E}.Debug|Any CPU.ActiveCfg = Debug|Any CPU
		{6F70F9F1-EB57-4311-9383-6FBDEE33132E}.Debug|Any CPU.Build.0 = Debug|Any CPU
		{6F70F9F1-EB57-4311-9383-6FBDEE33132E}.Release|Any CPU.ActiveCfg = Release|Any CPU
		{6F70F9F1-EB57-4311-9383-6FBDEE33132E}.Release|Any CPU.Build.0 = Release|Any CPU
		{E2C5716E-2EBD-40D1-83A8-8172DA5CF317}.Debug|Any CPU.ActiveCfg = Debug|Any CPU
		{E2C5716E-2EBD-40D1-83A8-8172DA5CF317}.Debug|Any CPU.Build.0 = Debug|Any CPU
		{E2C5716E-2EBD-40D1-83A8-8172DA5CF317}.Release|Any CPU.ActiveCfg = Release|Any CPU
		{E2C5716E-2EBD-40D1-83A8-8172DA5CF317}.Release|Any CPU.Build.0 = Release|Any CPU
		{71D3A6B2-1EA2-4B40-A803-C2622D95B989}.Debug|Any CPU.ActiveCfg = Debug|Any CPU
		{71D3A6B2-1EA2-4B40-A803-C2622D95B989}.Debug|Any CPU.Build.0 = Debug|Any CPU
		{71D3A6B2-1EA2-4B40-A803-C2622D95B989}.Release|Any CPU.ActiveCfg = Release|Any CPU
		{71D3A6B2-1EA2-4B40-A803-C2622D95B989}.Release|Any CPU.Build.0 = Release|Any CPU
		{C9FC0A05-26CF-47E9-A013-DE83F53CE4CE}.Debug|Any CPU.ActiveCfg = Debug|Any CPU
		{C9FC0A05-26CF-47E9-A013-DE83F53CE4CE}.Debug|Any CPU.Build.0 = Debug|Any CPU
		{C9FC0A05-26CF-47E9-A013-DE83F53CE4CE}.Release|Any CPU.ActiveCfg = Release|Any CPU
		{C9FC0A05-26CF-47E9-A013-DE83F53CE4CE}.Release|Any CPU.Build.0 = Release|Any CPU
		{231FAB0A-760D-4511-AAE3-1FAE65162377}.Debug|Any CPU.ActiveCfg = Debug|Any CPU
		{231FAB0A-760D-4511-AAE3-1FAE65162377}.Debug|Any CPU.Build.0 = Debug|Any CPU
		{231FAB0A-760D-4511-AAE3-1FAE65162377}.Release|Any CPU.ActiveCfg = Release|Any CPU
		{231FAB0A-760D-4511-AAE3-1FAE65162377}.Release|Any CPU.Build.0 = Release|Any CPU
		{1E82CA03-7467-410D-B5F3-4A3264014884}.Debug|Any CPU.ActiveCfg = Debug|Any CPU
		{1E82CA03-7467-410D-B5F3-4A3264014884}.Debug|Any CPU.Build.0 = Debug|Any CPU
		{1E82CA03-7467-410D-B5F3-4A3264014884}.Release|Any CPU.ActiveCfg = Release|Any CPU
		{1E82CA03-7467-410D-B5F3-4A3264014884}.Release|Any CPU.Build.0 = Release|Any CPU
		{679DF686-55B4-49A5-AF8E-5EEA575F4143}.Debug|Any CPU.ActiveCfg = Debug|Any CPU
		{679DF686-55B4-49A5-AF8E-5EEA575F4143}.Debug|Any CPU.Build.0 = Debug|Any CPU
		{679DF686-55B4-49A5-AF8E-5EEA575F4143}.Release|Any CPU.ActiveCfg = Release|Any CPU
		{679DF686-55B4-49A5-AF8E-5EEA575F4143}.Release|Any CPU.Build.0 = Release|Any CPU
		{F033AF50-692C-4AA9-B3FC-4F4D539CB414}.Debug|Any CPU.ActiveCfg = Debug|Any CPU
		{F033AF50-692C-4AA9-B3FC-4F4D539CB414}.Debug|Any CPU.Build.0 = Debug|Any CPU
		{F033AF50-692C-4AA9-B3FC-4F4D539CB414}.Release|Any CPU.ActiveCfg = Release|Any CPU
		{F033AF50-692C-4AA9-B3FC-4F4D539CB414}.Release|Any CPU.Build.0 = Release|Any CPU
		{696D4F76-EF71-4503-9281-33BF528816A4}.Debug|Any CPU.ActiveCfg = Debug|Any CPU
		{696D4F76-EF71-4503-9281-33BF528816A4}.Debug|Any CPU.Build.0 = Debug|Any CPU
		{696D4F76-EF71-4503-9281-33BF528816A4}.Release|Any CPU.ActiveCfg = Release|Any CPU
		{696D4F76-EF71-4503-9281-33BF528816A4}.Release|Any CPU.Build.0 = Release|Any CPU
		{3C57DD33-DAB6-4485-9CCE-B5AE456235AE}.Debug|Any CPU.ActiveCfg = Debug|Any CPU
		{3C57DD33-DAB6-4485-9CCE-B5AE456235AE}.Debug|Any CPU.Build.0 = Debug|Any CPU
		{3C57DD33-DAB6-4485-9CCE-B5AE456235AE}.Release|Any CPU.ActiveCfg = Release|Any CPU
		{3C57DD33-DAB6-4485-9CCE-B5AE456235AE}.Release|Any CPU.Build.0 = Release|Any CPU
		{EB03EE6B-8DB8-4E25-95FB-DF52E5EFC481}.Debug|Any CPU.ActiveCfg = Debug|Any CPU
		{EB03EE6B-8DB8-4E25-95FB-DF52E5EFC481}.Debug|Any CPU.Build.0 = Debug|Any CPU
		{EB03EE6B-8DB8-4E25-95FB-DF52E5EFC481}.Release|Any CPU.ActiveCfg = Release|Any CPU
		{EB03EE6B-8DB8-4E25-95FB-DF52E5EFC481}.Release|Any CPU.Build.0 = Release|Any CPU
		{133218D7-9D48-4A70-AD1B-0BDED83DD61F}.Debug|Any CPU.ActiveCfg = Debug|Any CPU
		{133218D7-9D48-4A70-AD1B-0BDED83DD61F}.Debug|Any CPU.Build.0 = Debug|Any CPU
		{133218D7-9D48-4A70-AD1B-0BDED83DD61F}.Release|Any CPU.ActiveCfg = Release|Any CPU
		{133218D7-9D48-4A70-AD1B-0BDED83DD61F}.Release|Any CPU.Build.0 = Release|Any CPU
		{13695B54-00BC-4339-9D39-44DFDD33B833}.Debug|Any CPU.ActiveCfg = Debug|Any CPU
		{13695B54-00BC-4339-9D39-44DFDD33B833}.Debug|Any CPU.Build.0 = Debug|Any CPU
		{13695B54-00BC-4339-9D39-44DFDD33B833}.Release|Any CPU.ActiveCfg = Release|Any CPU
		{13695B54-00BC-4339-9D39-44DFDD33B833}.Release|Any CPU.Build.0 = Release|Any CPU
		{5506E6CE-353C-47EB-A80D-749695F75025}.Debug|Any CPU.ActiveCfg = Debug|Any CPU
		{5506E6CE-353C-47EB-A80D-749695F75025}.Debug|Any CPU.Build.0 = Debug|Any CPU
		{5506E6CE-353C-47EB-A80D-749695F75025}.Release|Any CPU.ActiveCfg = Release|Any CPU
		{5506E6CE-353C-47EB-A80D-749695F75025}.Release|Any CPU.Build.0 = Release|Any CPU
		{E8FDD62F-088F-41B6-80F6-94DFA765A909}.Debug|Any CPU.ActiveCfg = Debug|Any CPU
		{E8FDD62F-088F-41B6-80F6-94DFA765A909}.Debug|Any CPU.Build.0 = Debug|Any CPU
		{E8FDD62F-088F-41B6-80F6-94DFA765A909}.Release|Any CPU.ActiveCfg = Release|Any CPU
		{E8FDD62F-088F-41B6-80F6-94DFA765A909}.Release|Any CPU.Build.0 = Release|Any CPU
		{667C7806-5AE7-49DC-A35A-D39D793E72E7}.Debug|Any CPU.ActiveCfg = Debug|Any CPU
		{667C7806-5AE7-49DC-A35A-D39D793E72E7}.Debug|Any CPU.Build.0 = Debug|Any CPU
		{667C7806-5AE7-49DC-A35A-D39D793E72E7}.Release|Any CPU.ActiveCfg = Release|Any CPU
		{667C7806-5AE7-49DC-A35A-D39D793E72E7}.Release|Any CPU.Build.0 = Release|Any CPU
		{195D6A84-370D-46E5-BB7D-A441FABC238F}.Debug|Any CPU.ActiveCfg = Debug|Any CPU
		{195D6A84-370D-46E5-BB7D-A441FABC238F}.Debug|Any CPU.Build.0 = Debug|Any CPU
		{195D6A84-370D-46E5-BB7D-A441FABC238F}.Release|Any CPU.ActiveCfg = Release|Any CPU
		{195D6A84-370D-46E5-BB7D-A441FABC238F}.Release|Any CPU.Build.0 = Release|Any CPU
		{AE49FB65-15C5-4E76-87B4-7D7AAF170E35}.Debug|Any CPU.ActiveCfg = Debug|Any CPU
		{AE49FB65-15C5-4E76-87B4-7D7AAF170E35}.Debug|Any CPU.Build.0 = Debug|Any CPU
		{AE49FB65-15C5-4E76-87B4-7D7AAF170E35}.Release|Any CPU.ActiveCfg = Release|Any CPU
		{AE49FB65-15C5-4E76-87B4-7D7AAF170E35}.Release|Any CPU.Build.0 = Release|Any CPU
		{C02EB516-BBAE-4718-BAAD-EF2157FB8243}.Debug|Any CPU.ActiveCfg = Debug|Any CPU
		{C02EB516-BBAE-4718-BAAD-EF2157FB8243}.Debug|Any CPU.Build.0 = Debug|Any CPU
		{C02EB516-BBAE-4718-BAAD-EF2157FB8243}.Release|Any CPU.ActiveCfg = Release|Any CPU
		{C02EB516-BBAE-4718-BAAD-EF2157FB8243}.Release|Any CPU.Build.0 = Release|Any CPU
		{727FFC24-8725-4532-9E2C-C4ADC0458E46}.Debug|Any CPU.ActiveCfg = Debug|Any CPU
		{727FFC24-8725-4532-9E2C-C4ADC0458E46}.Debug|Any CPU.Build.0 = Debug|Any CPU
		{727FFC24-8725-4532-9E2C-C4ADC0458E46}.Release|Any CPU.ActiveCfg = Release|Any CPU
		{727FFC24-8725-4532-9E2C-C4ADC0458E46}.Release|Any CPU.Build.0 = Release|Any CPU
		{C556018C-65CB-4906-AD26-41F0B690170C}.Debug|Any CPU.ActiveCfg = Debug|Any CPU
		{C556018C-65CB-4906-AD26-41F0B690170C}.Debug|Any CPU.Build.0 = Debug|Any CPU
		{C556018C-65CB-4906-AD26-41F0B690170C}.Release|Any CPU.ActiveCfg = Release|Any CPU
		{C556018C-65CB-4906-AD26-41F0B690170C}.Release|Any CPU.Build.0 = Release|Any CPU
		{20B32B55-72CC-4F9E-841B-3DDFDB917A18}.Debug|Any CPU.ActiveCfg = Debug|Any CPU
		{20B32B55-72CC-4F9E-841B-3DDFDB917A18}.Debug|Any CPU.Build.0 = Debug|Any CPU
		{20B32B55-72CC-4F9E-841B-3DDFDB917A18}.Release|Any CPU.ActiveCfg = Release|Any CPU
		{20B32B55-72CC-4F9E-841B-3DDFDB917A18}.Release|Any CPU.Build.0 = Release|Any CPU
		{1BDA4FBB-7006-434F-80C2-F0A45E011F4A}.Debug|Any CPU.ActiveCfg = Debug|Any CPU
		{1BDA4FBB-7006-434F-80C2-F0A45E011F4A}.Debug|Any CPU.Build.0 = Debug|Any CPU
		{1BDA4FBB-7006-434F-80C2-F0A45E011F4A}.Release|Any CPU.ActiveCfg = Release|Any CPU
		{1BDA4FBB-7006-434F-80C2-F0A45E011F4A}.Release|Any CPU.Build.0 = Release|Any CPU
		{7334C3E7-D1FC-4885-8954-DBC9E1BDE017}.Debug|Any CPU.ActiveCfg = Debug|Any CPU
		{7334C3E7-D1FC-4885-8954-DBC9E1BDE017}.Debug|Any CPU.Build.0 = Debug|Any CPU
		{7334C3E7-D1FC-4885-8954-DBC9E1BDE017}.Release|Any CPU.ActiveCfg = Release|Any CPU
		{7334C3E7-D1FC-4885-8954-DBC9E1BDE017}.Release|Any CPU.Build.0 = Release|Any CPU
		{C0B1B5CD-83CA-44DF-BDA1-A7A9E6C84946}.Debug|Any CPU.ActiveCfg = Debug|Any CPU
		{C0B1B5CD-83CA-44DF-BDA1-A7A9E6C84946}.Debug|Any CPU.Build.0 = Debug|Any CPU
		{C0B1B5CD-83CA-44DF-BDA1-A7A9E6C84946}.Release|Any CPU.ActiveCfg = Release|Any CPU
		{C0B1B5CD-83CA-44DF-BDA1-A7A9E6C84946}.Release|Any CPU.Build.0 = Release|Any CPU
		{51BD5EEE-A5E8-40C4-8753-4CECA0CD7D5A}.Debug|Any CPU.ActiveCfg = Debug|Any CPU
		{51BD5EEE-A5E8-40C4-8753-4CECA0CD7D5A}.Debug|Any CPU.Build.0 = Debug|Any CPU
		{51BD5EEE-A5E8-40C4-8753-4CECA0CD7D5A}.Release|Any CPU.ActiveCfg = Release|Any CPU
		{51BD5EEE-A5E8-40C4-8753-4CECA0CD7D5A}.Release|Any CPU.Build.0 = Release|Any CPU
		{A7E4A274-BE28-4AA3-B0FB-0A49395EE9ED}.Debug|Any CPU.ActiveCfg = Debug|Any CPU
		{A7E4A274-BE28-4AA3-B0FB-0A49395EE9ED}.Debug|Any CPU.Build.0 = Debug|Any CPU
		{A7E4A274-BE28-4AA3-B0FB-0A49395EE9ED}.Release|Any CPU.ActiveCfg = Release|Any CPU
		{A7E4A274-BE28-4AA3-B0FB-0A49395EE9ED}.Release|Any CPU.Build.0 = Release|Any CPU
		{0C76CF1F-15FB-473B-9C70-CAE9ECB4DB31}.Debug|Any CPU.ActiveCfg = Debug|Any CPU
		{0C76CF1F-15FB-473B-9C70-CAE9ECB4DB31}.Debug|Any CPU.Build.0 = Debug|Any CPU
		{0C76CF1F-15FB-473B-9C70-CAE9ECB4DB31}.Release|Any CPU.ActiveCfg = Release|Any CPU
		{0C76CF1F-15FB-473B-9C70-CAE9ECB4DB31}.Release|Any CPU.Build.0 = Release|Any CPU
		{2A9D0BD9-2E7B-4C80-8541-3657F0AF95D3}.Debug|Any CPU.ActiveCfg = Debug|Any CPU
		{2A9D0BD9-2E7B-4C80-8541-3657F0AF95D3}.Debug|Any CPU.Build.0 = Debug|Any CPU
		{2A9D0BD9-2E7B-4C80-8541-3657F0AF95D3}.Release|Any CPU.ActiveCfg = Release|Any CPU
		{2A9D0BD9-2E7B-4C80-8541-3657F0AF95D3}.Release|Any CPU.Build.0 = Release|Any CPU
		{3B82487E-97C4-4657-B1E5-E447E6966EC0}.Debug|Any CPU.ActiveCfg = Debug|Any CPU
		{3B82487E-97C4-4657-B1E5-E447E6966EC0}.Debug|Any CPU.Build.0 = Debug|Any CPU
		{3B82487E-97C4-4657-B1E5-E447E6966EC0}.Release|Any CPU.ActiveCfg = Release|Any CPU
		{3B82487E-97C4-4657-B1E5-E447E6966EC0}.Release|Any CPU.Build.0 = Release|Any CPU
		{128323C2-5866-44C7-B3C4-80BE2DDDE1BB}.Debug|Any CPU.ActiveCfg = Debug|Any CPU
		{128323C2-5866-44C7-B3C4-80BE2DDDE1BB}.Debug|Any CPU.Build.0 = Debug|Any CPU
		{128323C2-5866-44C7-B3C4-80BE2DDDE1BB}.Release|Any CPU.ActiveCfg = Release|Any CPU
		{128323C2-5866-44C7-B3C4-80BE2DDDE1BB}.Release|Any CPU.Build.0 = Release|Any CPU
		{A033C8B1-858B-4E1D-9ABF-C5147454A5DF}.Debug|Any CPU.ActiveCfg = Debug|Any CPU
		{A033C8B1-858B-4E1D-9ABF-C5147454A5DF}.Debug|Any CPU.Build.0 = Debug|Any CPU
		{A033C8B1-858B-4E1D-9ABF-C5147454A5DF}.Release|Any CPU.ActiveCfg = Release|Any CPU
		{A033C8B1-858B-4E1D-9ABF-C5147454A5DF}.Release|Any CPU.Build.0 = Release|Any CPU
		{CC91F05C-959E-4724-ACF7-676CCA23524B}.Debug|Any CPU.ActiveCfg = Debug|Any CPU
		{CC91F05C-959E-4724-ACF7-676CCA23524B}.Debug|Any CPU.Build.0 = Debug|Any CPU
		{CC91F05C-959E-4724-ACF7-676CCA23524B}.Release|Any CPU.ActiveCfg = Release|Any CPU
		{CC91F05C-959E-4724-ACF7-676CCA23524B}.Release|Any CPU.Build.0 = Release|Any CPU
	EndGlobalSection
	GlobalSection(SolutionProperties) = preSolution
		HideSolutionNode = FALSE
	EndGlobalSection
	GlobalSection(NestedProjects) = preSolution
		{10642E30-50E1-4835-8692-6558A1935439} = {F41FE246-7C7B-450A-8210-75069071CCAD}
		{3143C75B-8F3B-419A-86DC-90AEEC6BFEF3} = {F41FE246-7C7B-450A-8210-75069071CCAD}
		{6F70F9F1-EB57-4311-9383-6FBDEE33132E} = {F41FE246-7C7B-450A-8210-75069071CCAD}
		{E2C5716E-2EBD-40D1-83A8-8172DA5CF317} = {5961BB45-8060-4916-A0AB-D2922BB693D7}
		{EB11AB90-B8D0-4AB5-A905-7021B374BBDB} = {043D697E-C5C9-4452-9A88-2BCFEB4A5EBD}
		{71D3A6B2-1EA2-4B40-A803-C2622D95B989} = {043D697E-C5C9-4452-9A88-2BCFEB4A5EBD}
		{C9FC0A05-26CF-47E9-A013-DE83F53CE4CE} = {EB11AB90-B8D0-4AB5-A905-7021B374BBDB}
		{231FAB0A-760D-4511-AAE3-1FAE65162377} = {EB11AB90-B8D0-4AB5-A905-7021B374BBDB}
		{1E82CA03-7467-410D-B5F3-4A3264014884} = {EB11AB90-B8D0-4AB5-A905-7021B374BBDB}
		{679DF686-55B4-49A5-AF8E-5EEA575F4143} = {B8F09147-B990-45A7-96FF-725D665001AE}
		{F033AF50-692C-4AA9-B3FC-4F4D539CB414} = {B8F09147-B990-45A7-96FF-725D665001AE}
		{696D4F76-EF71-4503-9281-33BF528816A4} = {B8F09147-B990-45A7-96FF-725D665001AE}
		{3C57DD33-DAB6-4485-9CCE-B5AE456235AE} = {B8F09147-B990-45A7-96FF-725D665001AE}
		{EB03EE6B-8DB8-4E25-95FB-DF52E5EFC481} = {B8F09147-B990-45A7-96FF-725D665001AE}
		{133218D7-9D48-4A70-AD1B-0BDED83DD61F} = {B8F09147-B990-45A7-96FF-725D665001AE}
		{13695B54-00BC-4339-9D39-44DFDD33B833} = {B8F09147-B990-45A7-96FF-725D665001AE}
		{5506E6CE-353C-47EB-A80D-749695F75025} = {85D68F62-C7D1-4571-A7C8-BED7F152C7A1}
		{E8FDD62F-088F-41B6-80F6-94DFA765A909} = {85D68F62-C7D1-4571-A7C8-BED7F152C7A1}
		{667C7806-5AE7-49DC-A35A-D39D793E72E7} = {C1767200-D5C3-4650-9346-4E0E2CE2EA74}
		{195D6A84-370D-46E5-BB7D-A441FABC238F} = {48F3CFB9-0F03-4627-80DA-1E60BA0158E5}
		{AE49FB65-15C5-4E76-87B4-7D7AAF170E35} = {48F3CFB9-0F03-4627-80DA-1E60BA0158E5}
		{C02EB516-BBAE-4718-BAAD-EF2157FB8243} = {48F3CFB9-0F03-4627-80DA-1E60BA0158E5}
		{727FFC24-8725-4532-9E2C-C4ADC0458E46} = {4FA05B12-12A1-41E8-B9D5-67933A012252}
		{C556018C-65CB-4906-AD26-41F0B690170C} = {4FA05B12-12A1-41E8-B9D5-67933A012252}
		{20B32B55-72CC-4F9E-841B-3DDFDB917A18} = {48F3CFB9-0F03-4627-80DA-1E60BA0158E5}
		{1BDA4FBB-7006-434F-80C2-F0A45E011F4A} = {5961BB45-8060-4916-A0AB-D2922BB693D7}
		{7334C3E7-D1FC-4885-8954-DBC9E1BDE017} = {F41FE246-7C7B-450A-8210-75069071CCAD}
		{C0B1B5CD-83CA-44DF-BDA1-A7A9E6C84946} = {C1767200-D5C3-4650-9346-4E0E2CE2EA74}
		{51BD5EEE-A5E8-40C4-8753-4CECA0CD7D5A} = {C1767200-D5C3-4650-9346-4E0E2CE2EA74}
		{A7E4A274-BE28-4AA3-B0FB-0A49395EE9ED} = {EB11AB90-B8D0-4AB5-A905-7021B374BBDB}
		{0C76CF1F-15FB-473B-9C70-CAE9ECB4DB31} = {39B856DF-394F-4900-A890-78BFD8C0B66E}
		{2A9D0BD9-2E7B-4C80-8541-3657F0AF95D3} = {C0BA5F51-56D0-448A-B627-AD6680A6B046}
		{3B82487E-97C4-4657-B1E5-E447E6966EC0} = {C0BA5F51-56D0-448A-B627-AD6680A6B046}
		{128323C2-5866-44C7-B3C4-80BE2DDDE1BB} = {C0BA5F51-56D0-448A-B627-AD6680A6B046}
		{A033C8B1-858B-4E1D-9ABF-C5147454A5DF} = {C0BA5F51-56D0-448A-B627-AD6680A6B046}
		{CC91F05C-959E-4724-ACF7-676CCA23524B} = {C0BA5F51-56D0-448A-B627-AD6680A6B046}
	EndGlobalSection
	GlobalSection(ExtensibilityGlobals) = postSolution
		SolutionGuid = {2F37BB09-DC21-4691-83D8-55A741939103}
	EndGlobalSection
EndGlobal
